{
  "version": 4,
  "terraform_version": "1.0.4",
  "serial": 8,
  "lineage": "9b0e0089-b900-6d8d-0d0a-0f6fa774c210",
  "outputs": {},
  "resources": [
    {
      "mode": "managed",
      "type": "google_container_cluster",
      "name": "primary",
      "provider": "provider[\"registry.terraform.io/hashicorp/google\"]",
      "instances": [
        {
          "schema_version": 1,
          "attributes": {
            "additional_zones": [],
            "addons_config": [
              {
                "horizontal_pod_autoscaling": [],
                "http_load_balancing": [],
                "kubernetes_dashboard": [],
                "network_policy_config": [
                  {
                    "disabled": true
                  }
                ]
              }
            ],
            "authenticator_groups_config": [],
            "cluster_autoscaling": [
              {
                "auto_provisioning_defaults": [],
                "enabled": false,
                "resource_limits": []
              }
            ],
            "cluster_ipv4_cidr": "10.0.0.0/14",
            "default_max_pods_per_node": null,
            "description": "",
            "enable_binary_authorization": null,
            "enable_intranode_visibility": null,
            "enable_kubernetes_alpha": false,
            "enable_legacy_abac": false,
            "enable_tpu": null,
            "endpoint": "35.194.138.50",
            "id": "projects/terraform-test-323011/locations/asia-east1-a/clusters/gke-example",
            "initial_node_count": 0,
            "instance_group_urls": [],
            "ip_allocation_policy": [],
            "location": "asia-east1-a",
            "logging_service": "logging.googleapis.com/kubernetes",
            "maintenance_policy": [],
            "master_auth": [
              {
                "client_certificate": "",
                "client_certificate_config": [
                  {
                    "issue_client_certificate": false
                  }
                ],
                "client_key": "",
                "cluster_ca_certificate": "LS0tLS1CRUdJTiBDRVJUSUZJQ0FURS0tLS0tCk1JSURLekNDQWhPZ0F3SUJBZ0lSQU9RQ1l3TUhvMlJQOTBMZWU1MDJYZTR3RFFZSktvWklodmNOQVFFTEJRQXcKTHpFdE1Dc0dBMVVFQXhNa1ltVXlZamxoTkdNdE1EY3lZUzAwWkRRekxUazROR1V0Wm1GalptSmpZek5pWW1WbApNQjRYRFRJeE1EZ3hOakEwTVRNd05Gb1hEVEkyTURneE5UQTFNVE13TkZvd0x6RXRNQ3NHQTFVRUF4TWtZbVV5CllqbGhOR010TURjeVlTMDBaRFF6TFRrNE5HVXRabUZqWm1Kall6TmlZbVZsTUlJQklqQU5CZ2txaGtpRzl3MEIKQVFFRkFBT0NBUThBTUlJQkNnS0NBUUVBakU3YUUxczBvRnFrcmJrYkxhbDR0TVZuYkRmb3JlbVNhMEpJUFVKMgppTFdYMTBNWkRrek94c0k0QUxjMmloTzBRTllXNGExSjlwMFFHRC9sMGxGdWVyaG9FblRLOHJxZkY0U3NiMEFDClJZYzY3aitUSC91c25XS2hjNHNKMXo3a092T1hMV0RyN2xFV0hRVVIrd01PS1RVNDBTWmYzT0xncjB2M0VpdnYKWGRXc29OVWIzSEEzUmh2eUtuSkNFTGlCaE51aUFHYm4zeld5dTR1N0dRQ1JhUkhGZHRscXBxS3FYL3YrYmlYdgplNDJVeVlyRFh2Tnh3N3lEY0haWGtEa1FVd1JWbFNyWjlGTnBRc3IxVmF6ZmdFNTRvWkQrUWZUQlExUEFuWHRCClh2ZW5udTQ5ZzZrOXFBVWI3SFl2UDJMVDFmK01nUG1WMU1IQmQ0SnJzZ1pFTndJREFRQUJvMEl3UURBT0JnTlYKSFE4QkFmOEVCQU1DQWdRd0R3WURWUjBUQVFIL0JBVXdBd0VCL3pBZEJnTlZIUTRFRmdRVVBVZEpBNUhHKzZkKwp2YnlERnlkcDB3SVJnck13RFFZSktvWklodmNOQVFFTEJRQURnZ0VCQUJWa2hjU1ZmUEtaOGhZYkpMUmQ4d3lYClZqVEtZRWF5cXJnUkZhMXJBU0Ezc1lPR05mZTNaMGdWYkp0MVo0bGVFc2IxekJvS0lTdytEazl3Y0Q2UnN6MXAKeG1FZ0hsSjVrdnNzTW0zS01uMmVzUldkLzRMQ1llcFRMc2VoMnFuL0grUWFsOXVxTnhOL2xKNlRZaFlwMkMxTwo5b0lGRTA5cWFzNlJsVUQ2NldlaGhGUjVyN3gxcVFlSThtYXY2bW10TGdDWlZjaEkvMTRkSVBRUTVXSWNHUlJtCnljVVF5TDBySjU4VWNPcm1rU0h5MXgxblpMakFIOXhlZm1wL0VXZTBsbFdnditOT25FOGFnQ0NYa3Y2S1Q2dngKc2VTd2lvbXFXdnB6MWllbzYyQUVOK2FwVytmUWMvM2FWVGxsb3BoYjNNSTFESFJRSGl2YTBxc2hhM3Vmc0h3PQotLS0tLUVORCBDRVJUSUZJQ0FURS0tLS0tCg==",
                "password": "",
                "username": ""
              }
            ],
            "master_authorized_networks_config": [],
            "master_version": "1.20.8-gke.900",
            "min_master_version": null,
            "monitoring_service": "monitoring.googleapis.com/kubernetes",
            "name": "gke-example",
            "network": "projects/terraform-test-323011/global/networks/default",
            "network_policy": [
              {
                "enabled": false,
                "provider": "PROVIDER_UNSPECIFIED"
              }
            ],
            "node_config": [],
            "node_locations": [],
            "node_pool": [],
            "node_version": "1.20.8-gke.900",
            "operation": null,
            "pod_security_policy_config": null,
            "private_cluster_config": [],
            "project": "terraform-test-323011",
            "region": null,
            "remove_default_node_pool": true,
            "resource_labels": null,
            "services_ipv4_cidr": "10.3.240.0/20",
            "subnetwork": "projects/terraform-test-323011/regions/asia-east1/subnetworks/default",
            "timeouts": null,
            "vertical_pod_autoscaling": [],
            "zone": null
          },
          "sensitive_attributes": [],
          "private": "eyJlMmJmYjczMC1lY2FhLTExZTYtOGY4OC0zNDM2M2JjN2M0YzAiOnsiY3JlYXRlIjoyNDAwMDAwMDAwMDAwLCJkZWxldGUiOjI0MDAwMDAwMDAwMDAsInVwZGF0ZSI6MzYwMDAwMDAwMDAwMH0sInNjaGVtYV92ZXJzaW9uIjoiMSJ9"
        }
      ]
    },
    {
      "mode": "managed",
      "type": "google_container_node_pool",
      "name": "primary_pool",
      "provider": "provider[\"registry.terraform.io/hashicorp/google\"]",
      "instances": [
        {
          "schema_version": 1,
          "attributes": {
            "autoscaling": [
              {
                "max_node_count": 5,
                "min_node_count": 2
              }
            ],
            "cluster": "gke-example",
            "id": "projects/terraform-test-323011/locations/asia-east1-a/clusters/gke-example/nodePools/primary-pool",
            "initial_node_count": 2,
            "instance_group_urls": [
              "https://www.googleapis.com/compute/v1/projects/terraform-test-323011/zones/asia-east1-a/instanceGroupManagers/gke-gke-example-primary-pool-c312d334-grp"
            ],
            "location": "asia-east1-a",
            "management": [
              {
                "auto_repair": true,
                "auto_upgrade": true
              }
            ],
            "max_pods_per_node": null,
            "name": "primary-pool",
            "name_prefix": "",
            "node_config": [
              {
                "disk_size_gb": 100,
                "disk_type": "pd-standard",
                "guest_accelerator": [],
                "image_type": "COS_CONTAINERD",
                "labels": {},
                "local_ssd_count": 0,
                "machine_type": "n1-standard-1",
                "metadata": {
                  "disable-legacy-endpoints": "true"
                },
                "min_cpu_platform": "",
                "oauth_scopes": [
                  "https://www.googleapis.com/auth/logging.write",
                  "https://www.googleapis.com/auth/monitoring"
                ],
                "preemptible": false,
                "sandbox_config": [],
                "service_account": "default",
                "shielded_instance_config": [
                  {
                    "enable_integrity_monitoring": true,
                    "enable_secure_boot": false
                  }
                ],
                "tags": null,
                "taint": [],
                "workload_metadata_config": []
              }
            ],
            "node_count": 2,
            "project": "terraform-test-323011",
            "region": null,
            "timeouts": null,
            "version": "1.20.8-gke.900",
            "zone": null
          },
          "sensitive_attributes": [],
          "private": "eyJlMmJmYjczMC1lY2FhLTExZTYtOGY4OC0zNDM2M2JjN2M0YzAiOnsiY3JlYXRlIjoxODAwMDAwMDAwMDAwLCJkZWxldGUiOjE4MDAwMDAwMDAwMDAsInVwZGF0ZSI6MTgwMDAwMDAwMDAwMH0sInNjaGVtYV92ZXJzaW9uIjoiMSJ9",
          "dependencies": [
            "google_container_cluster.primary"
          ]
        }
      ]
    }
  ]
}
